
Microsoft Visual Studio Solution File, Format Version 12.00
# Visual Studio Version 17
VisualStudioVersion = 17.14.36301.6 d17.14
MinimumVisualStudioVersion = 10.0.40219.1
Project("{54A90642-561A-4BB1-A94E-469ADEE60C69}") = "formattica.client", "formattica.client\formattica.client.esproj", "{0F89E026-3526-6303-49AD-56CD3672484A}"
EndProject
Project("{FAE04EC0-301F-11D3-BF4B-00C04F79EFBC}") = "Formattica.Server", "Formattica.Server\Formattica.Server.csproj", "{C240D0B8-E619-482F-B6C8-8848ECC8A83B}"
EndProject
Global
	GlobalSection(SolutionConfigurationPlatforms) = preSolution
		Debug|Any CPU = Debug|Any CPU
		Release|Any CPU = Release|Any CPU
	EndGlobalSection
	GlobalSection(ProjectConfigurationPlatforms) = postSolution
		{0F89E026-3526-6303-49AD-56CD3672484A}.Debug|Any CPU.ActiveCfg = Debug|Any CPU
		{0F89E026-3526-6303-49AD-56CD3672484A}.Debug|Any CPU.Build.0 = Debug|Any CPU
		{0F89E026-3526-6303-49AD-56CD3672484A}.Debug|Any CPU.Deploy.0 = Debug|Any CPU
		{0F89E026-3526-6303-49AD-56CD3672484A}.Release|Any CPU.ActiveCfg = Release|Any CPU
		{0F89E026-3526-6303-49AD-56CD3672484A}.Release|Any CPU.Build.0 = Release|Any CPU
		{0F89E026-3526-6303-49AD-56CD3672484A}.Release|Any CPU.Deploy.0 = Release|Any CPU
		{C240D0B8-E619-482F-B6C8-8848ECC8A83B}.Debug|Any CPU.ActiveCfg = Debug|Any CPU
		{C240D0B8-E619-482F-B6C8-8848ECC8A83B}.Debug|Any CPU.Build.0 = Debug|Any CPU
		{C240D0B8-E619-482F-B6C8-8848ECC8A83B}.Release|Any CPU.ActiveCfg = Release|Any CPU
		{C240D0B8-E619-482F-B6C8-8848ECC8A83B}.Release|Any CPU.Build.0 = Release|Any CPU
	EndGlobalSection
	GlobalSection(SolutionProperties) = preSolution
		HideSolutionNode = FALSE
	EndGlobalSection
	GlobalSection(ExtensibilityGlobals) = postSolution
		SolutionGuid = {85D51B1D-4420-416C-9BDA-47E43DD761A9}
	EndGlobalSection
EndGlobal
